// !$*UTF8*$!
{
	archiveVersion = 1;
	classes = {
	};
	objectVersion = 56;
	objects = {

/* Begin PBXBuildFile section */
		0DA6EB357E621AF6A54CF8F5 /* AuthViewModel.swift in Sources */ = {isa = PBXBuildFile; fileRef = FE7F100BCA494CB1B40A0EA9 /* AuthViewModel.swift */; };
		1BFC98364CE8F60E5B9A4E34 /* MyPropertiesView.swift in Sources */ = {isa = PBXBuildFile; fileRef = 5C8E23BCE585953FE3D50B06 /* MyPropertiesView.swift */; };
		26AA81A70A773FCEDA22BF5E /* AuthModels.swift in Sources */ = {isa = PBXBuildFile; fileRef = 434D1A44E761BE2F69B0CCF0 /* AuthModels.swift */; };
		3B5F067C856CA39C6502F916 /* LoginViewModel.swift in Sources */ = {isa = PBXBuildFile; fileRef = A8224D43097503B39DABB717 /* LoginViewModel.swift */; };
		49D619D92A060D750592E785 /* ManualSNViewModel.swift in Sources */ = {isa = PBXBuildFile; fileRef = A53F7BF0039FD86CCADAE664 /* ManualSNViewModel.swift */; };
		58674DC812CCD6A39DD7DF4F /* ManualSNEntryView.swift in Sources */ = {isa = PBXBuildFile; fileRef = 8182874E0188120E70082C86 /* ManualSNEntryView.swift */; };
		586DE93C3BC5E7C648DCAAA9 /* Models.swift in Sources */ = {isa = PBXBuildFile; fileRef = 179F5783D238DB11F5EA7A8F /* Models.swift */; };
		649E4FB8CB9A2BAAA06A65F8 /* PropertyDetailViewModel.swift in Sources */ = {isa = PBXBuildFile; fileRef = E802C4C49927B352FE30895E /* PropertyDetailViewModel.swift */; };
		6647A7F294F0B05BBAA6BCD7 /* ReferenceDatabaseBrowserView.swift in Sources */ = {isa = PBXBuildFile; fileRef = 7B2CFBE73F56575D96AF2C22 /* ReferenceDatabaseBrowserView.swift */; };
		6EC03ABD395528E42D8AC7D1 /* TransfersViewModel.swift in Sources */ = {isa = PBXBuildFile; fileRef = 80310CAEECA0B61592334244 /* TransfersViewModel.swift */; };
		746506184194C32049616F45 /* PropertyDetailView.swift in Sources */ = {isa = PBXBuildFile; fileRef = 097C24F1EA75B2E56BCBCC08 /* PropertyDetailView.swift */; };
		902492E2AE615BA4C6ACC792 /* ContentView.swift in Sources */ = {isa = PBXBuildFile; fileRef = 8AEE26AF958DBCB601C895CD /* ContentView.swift */; };
		9CAA7907B48AF7D46F77FB02 /* UserSelectionViewModel.swift in Sources */ = {isa = PBXBuildFile; fileRef = BBE530B592D095523725035D /* UserSelectionViewModel.swift */; };
		BF2685512DEB3BE700BFB170 /* ConnectionsView.swift in Sources */ = {isa = PBXBuildFile; fileRef = BF26854F2DEB3BE700BFB170 /* ConnectionsView.swift */; };
		BF2685522DEB3BE700BFB170 /* RequestTransferView.swift in Sources */ = {isa = PBXBuildFile; fileRef = BF2685502DEB3BE700BFB170 /* RequestTransferView.swift */; };
		BF2685552DEB41A500BFB170 /* SerialNumberRequestView.swift in Sources */ = {isa = PBXBuildFile; fileRef = BF2685542DEB41A500BFB170 /* SerialNumberRequestView.swift */; };
		BF2685562DEB41A500BFB170 /* OfferPropertyView.swift in Sources */ = {isa = PBXBuildFile; fileRef = BF2685532DEB41A500BFB170 /* OfferPropertyView.swift */; };
		BF2685582DEB497C00BFB170 /* UserConnection.swift in Sources */ = {isa = PBXBuildFile; fileRef = BF2685572DEB497C00BFB170 /* UserConnection.swift */; };
		BF2DF4392DE929C800E450D6 /* IndustrialComponents.swift in Sources */ = {isa = PBXBuildFile; fileRef = BF2DF4382DE929C800E450D6 /* IndustrialComponents.swift */; };
		BF2DF43C2DE929D700E450D6 /* CoreDataStack.swift in Sources */ = {isa = PBXBuildFile; fileRef = BF2DF43A2DE929D700E450D6 /* CoreDataStack.swift */; };
		BF2DF43D2DE929D700E450D6 /* OfflineSyncService.swift in Sources */ = {isa = PBXBuildFile; fileRef = BF2DF43B2DE929D700E450D6 /* OfflineSyncService.swift */; };
		BF2DF4422DE929E700E450D6 /* CreatePropertyView.swift in Sources */ = {isa = PBXBuildFile; fileRef = BF2DF43E2DE929E700E450D6 /* CreatePropertyView.swift */; };
		BF2DF4432DE929E700E450D6 /* NSNSearchView.swift in Sources */ = {isa = PBXBuildFile; fileRef = BF2DF43F2DE929E700E450D6 /* NSNSearchView.swift */; };
		BF2DF4462DE92A0600E450D6 /* HandReceipt.xcdatamodeld in Sources */ = {isa = PBXBuildFile; fileRef = BF2DF4442DE92A0600E450D6 /* HandReceipt.xcdatamodeld */; };
		BF4A1C2D2DEC81040066ADD9 /* ReferencePropertyDetailView.swift in Sources */ = {isa = PBXBuildFile; fileRef = BF4A1C2C2DEC81040066ADD9 /* ReferencePropertyDetailView.swift */; };
		BF4A1C2F2DEC81170066ADD9 /* ReferencePropertyDetailViewModel.swift in Sources */ = {isa = PBXBuildFile; fileRef = BF4A1C2E2DEC81170066ADD9 /* ReferencePropertyDetailViewModel.swift */; };
		BF4A1C312DEC81280066ADD9 /* ReferenceProperty.swift in Sources */ = {isa = PBXBuildFile; fileRef = BF4A1C302DEC81280066ADD9 /* ReferenceProperty.swift */; };
		BF4A1C332DEC879C0066ADD9 /* ConnectionsViewModel.swift in Sources */ = {isa = PBXBuildFile; fileRef = BF4A1C322DEC879C0066ADD9 /* ConnectionsViewModel.swift */; };
		BF4A1C352DEC94D50066ADD9 /* TransfersView.swift in Sources */ = {isa = PBXBuildFile; fileRef = BF4A1C342DEC94D50066ADD9 /* TransfersView.swift */; };
		BF4A1C372DEC950D0066ADD9 /* TransferService.swift in Sources */ = {isa = PBXBuildFile; fileRef = BF4A1C362DEC950D0066ADD9 /* TransferService.swift */; };
		BF4A1C392DEC98480066ADD9 /* LoadingView.swift in Sources */ = {isa = PBXBuildFile; fileRef = BF4A1C382DEC98480066ADD9 /* LoadingView.swift */; };
		BF8172312DEA96A10086B2DD /* SettingsView.swift in Sources */ = {isa = PBXBuildFile; fileRef = BF8172302DEA96A10086B2DD /* SettingsView.swift */; };
		BFA128032DEA165E00C12800 /* RegisterView.swift in Sources */ = {isa = PBXBuildFile; fileRef = BFA128022DEA165E00C12800 /* RegisterView.swift */; };
		BFA128072DEA210F00C12800 /* Assets.xcassets in Resources */ = {isa = PBXBuildFile; fileRef = BFA128042DEA1E3300C12800 /* Assets.xcassets */; };
		BFA128092DEA22E700C12800 /* LaunchScreen.storyboard in Resources */ = {isa = PBXBuildFile; fileRef = BFA128082DEA22E700C12800 /* LaunchScreen.storyboard */; };
		BFA1280B2DEA2DCD00C12800 /* DashboardView.swift in Sources */ = {isa = PBXBuildFile; fileRef = BFA1280A2DEA2DCD00C12800 /* DashboardView.swift */; };
		BFA1280F2DEA2F4300C12800 /* MaintenanceView.swift in Sources */ = {isa = PBXBuildFile; fileRef = BFA1280C2DEA2F4300C12800 /* MaintenanceView.swift */; };
		BFA128102DEA2F4300C12800 /* SensitiveItemsView.swift in Sources */ = {isa = PBXBuildFile; fileRef = BFA1280E2DEA2F4300C12800 /* SensitiveItemsView.swift */; };
		BFA128142DEA3D3200C12800 /* AuthManager.swift in Sources */ = {isa = PBXBuildFile; fileRef = BFA128122DEA3D3200C12800 /* AuthManager.swift */; };
		BFA1281B2DEA435900C12800 /* KeychainSwift in Frameworks */ = {isa = PBXBuildFile; productRef = BFA1281A2DEA435900C12800 /* KeychainSwift */; };
		BFC223CA2DAABB1800ACF884 /* HandReceiptApp.swift in Sources */ = {isa = PBXBuildFile; fileRef = BFC223C92DAABB1800ACF884 /* HandReceiptApp.swift */; };
		BFC223CF2DAB3E1F00ACF884 /* AppColors.swift in Sources */ = {isa = PBXBuildFile; fileRef = BFC223CB2DAB3E1F00ACF884 /* AppColors.swift */; };
		BFC223D02DAB3E1F00ACF884 /* AppStyles.swift in Sources */ = {isa = PBXBuildFile; fileRef = BFC223CC2DAB3E1F00ACF884 /* AppStyles.swift */; };
		BFC223D12DAB3E1F00ACF884 /* CommonImports.swift in Sources */ = {isa = PBXBuildFile; fileRef = BFC223CD2DAB3E1F00ACF884 /* CommonImports.swift */; };
		C526252D6D118A5CBCF1BF28 /* Property.swift in Sources */ = {isa = PBXBuildFile; fileRef = 4051F5A67B8C0D943FCF1495 /* Property.swift */; };
		D05A7634F0941E129237A9DB /* AuthenticatedTabView.swift in Sources */ = {isa = PBXBuildFile; fileRef = 8322A1CD58E045E33629F8B1 /* AuthenticatedTabView.swift */; };
		D8EA460483AC0CF32381B58C /* ScanViewModel.swift in Sources */ = {isa = PBXBuildFile; fileRef = 1BFCA76AFBC288D30DF9958F /* ScanViewModel.swift */; };
		DE3312936DE375DAEC9A4552 /* UserSelectionView.swift in Sources */ = {isa = PBXBuildFile; fileRef = B28E9A92DD3453473BE10961 /* UserSelectionView.swift */; };
		E72C88303B7CA9353FCA5BC1 /* MyPropertiesViewModel.swift in Sources */ = {isa = PBXBuildFile; fileRef = C52EB4A99772C5B2A7DDA9EF /* MyPropertiesViewModel.swift */; };
		F42AD7F3D920075A1FAC101E /* APIService.swift in Sources */ = {isa = PBXBuildFile; fileRef = B32078152333561CB10233BA /* APIService.swift */; };
		FE49F4C972C3577086DB327C /* LoginView.swift in Sources */ = {isa = PBXBuildFile; fileRef = CDEC488299CE976110299615 /* LoginView.swift */; };
		FFA463230EB2A719A3E334F9 /* ReferenceDBViewModel.swift in Sources */ = {isa = PBXBuildFile; fileRef = F55EC89BB544AC260B225D8B /* ReferenceDBViewModel.swift */; };
/* End PBXBuildFile section */

/* Begin PBXFileReference section */
		097C24F1EA75B2E56BCBCC08 /* PropertyDetailView.swift */ = {isa = PBXFileReference; lastKnownFileType = sourcecode.swift; path = PropertyDetailView.swift; sourceTree = "<group>"; };
		179F5783D238DB11F5EA7A8F /* Models.swift */ = {isa = PBXFileReference; lastKnownFileType = sourcecode.swift; path = Models.swift; sourceTree = "<group>"; };
		1BFCA76AFBC288D30DF9958F /* ScanViewModel.swift */ = {isa = PBXFileReference; lastKnownFileType = sourcecode.swift; path = ScanViewModel.swift; sourceTree = "<group>"; };
		4051F5A67B8C0D943FCF1495 /* Property.swift */ = {isa = PBXFileReference; lastKnownFileType = sourcecode.swift; path = Property.swift; sourceTree = "<group>"; };
		434D1A44E761BE2F69B0CCF0 /* AuthModels.swift */ = {isa = PBXFileReference; lastKnownFileType = sourcecode.swift; path = AuthModels.swift; sourceTree = "<group>"; };
		5C8E23BCE585953FE3D50B06 /* MyPropertiesView.swift */ = {isa = PBXFileReference; lastKnownFileType = sourcecode.swift; path = MyPropertiesView.swift; sourceTree = "<group>"; };
		7B2CFBE73F56575D96AF2C22 /* ReferenceDatabaseBrowserView.swift */ = {isa = PBXFileReference; lastKnownFileType = sourcecode.swift; path = ReferenceDatabaseBrowserView.swift; sourceTree = "<group>"; };
		80310CAEECA0B61592334244 /* TransfersViewModel.swift */ = {isa = PBXFileReference; lastKnownFileType = sourcecode.swift; path = TransfersViewModel.swift; sourceTree = "<group>"; };
		8182874E0188120E70082C86 /* ManualSNEntryView.swift */ = {isa = PBXFileReference; lastKnownFileType = sourcecode.swift; path = ManualSNEntryView.swift; sourceTree = "<group>"; };
		8322A1CD58E045E33629F8B1 /* AuthenticatedTabView.swift */ = {isa = PBXFileReference; lastKnownFileType = sourcecode.swift; path = AuthenticatedTabView.swift; sourceTree = "<group>"; };
		8AEE26AF958DBCB601C895CD /* ContentView.swift */ = {isa = PBXFileReference; lastKnownFileType = sourcecode.swift; path = ContentView.swift; sourceTree = "<group>"; };
		A53F7BF0039FD86CCADAE664 /* ManualSNViewModel.swift */ = {isa = PBXFileReference; lastKnownFileType = sourcecode.swift; path = ManualSNViewModel.swift; sourceTree = "<group>"; };
		A8224D43097503B39DABB717 /* LoginViewModel.swift */ = {isa = PBXFileReference; lastKnownFileType = sourcecode.swift; path = LoginViewModel.swift; sourceTree = "<group>"; };
		AF23091E8CECB56658FF4CE8 /* HandReceipt.app */ = {isa = PBXFileReference; explicitFileType = wrapper.application; includeInIndex = 0; path = HandReceipt.app; sourceTree = BUILT_PRODUCTS_DIR; };
		B28E9A92DD3453473BE10961 /* UserSelectionView.swift */ = {isa = PBXFileReference; lastKnownFileType = sourcecode.swift; path = UserSelectionView.swift; sourceTree = "<group>"; };
		B32078152333561CB10233BA /* APIService.swift */ = {isa = PBXFileReference; lastKnownFileType = sourcecode.swift; path = APIService.swift; sourceTree = "<group>"; };
		BBE530B592D095523725035D /* UserSelectionViewModel.swift */ = {isa = PBXFileReference; lastKnownFileType = sourcecode.swift; path = UserSelectionViewModel.swift; sourceTree = "<group>"; };
		BF26854F2DEB3BE700BFB170 /* ConnectionsView.swift */ = {isa = PBXFileReference; lastKnownFileType = sourcecode.swift; path = ConnectionsView.swift; sourceTree = "<group>"; };
		BF2685502DEB3BE700BFB170 /* RequestTransferView.swift */ = {isa = PBXFileReference; lastKnownFileType = sourcecode.swift; path = RequestTransferView.swift; sourceTree = "<group>"; };
		BF2685532DEB41A500BFB170 /* OfferPropertyView.swift */ = {isa = PBXFileReference; lastKnownFileType = sourcecode.swift; path = OfferPropertyView.swift; sourceTree = "<group>"; };
		BF2685542DEB41A500BFB170 /* SerialNumberRequestView.swift */ = {isa = PBXFileReference; lastKnownFileType = sourcecode.swift; path = SerialNumberRequestView.swift; sourceTree = "<group>"; };
		BF2685572DEB497C00BFB170 /* UserConnection.swift */ = {isa = PBXFileReference; lastKnownFileType = sourcecode.swift; path = UserConnection.swift; sourceTree = "<group>"; };
		BF2DF4382DE929C800E450D6 /* IndustrialComponents.swift */ = {isa = PBXFileReference; lastKnownFileType = sourcecode.swift; path = IndustrialComponents.swift; sourceTree = "<group>"; };
		BF2DF43A2DE929D700E450D6 /* CoreDataStack.swift */ = {isa = PBXFileReference; lastKnownFileType = sourcecode.swift; path = CoreDataStack.swift; sourceTree = "<group>"; };
		BF2DF43B2DE929D700E450D6 /* OfflineSyncService.swift */ = {isa = PBXFileReference; lastKnownFileType = sourcecode.swift; path = OfflineSyncService.swift; sourceTree = "<group>"; };
		BF2DF43E2DE929E700E450D6 /* CreatePropertyView.swift */ = {isa = PBXFileReference; lastKnownFileType = sourcecode.swift; path = CreatePropertyView.swift; sourceTree = "<group>"; };
		BF2DF43F2DE929E700E450D6 /* NSNSearchView.swift */ = {isa = PBXFileReference; lastKnownFileType = sourcecode.swift; path = NSNSearchView.swift; sourceTree = "<group>"; };
		BF2DF4452DE92A0600E450D6 /* HandReceipt.xcdatamodel */ = {isa = PBXFileReference; lastKnownFileType = wrapper.xcdatamodel; path = HandReceipt.xcdatamodel; sourceTree = "<group>"; };
		BF4A1C2C2DEC81040066ADD9 /* ReferencePropertyDetailView.swift */ = {isa = PBXFileReference; lastKnownFileType = sourcecode.swift; path = ReferencePropertyDetailView.swift; sourceTree = "<group>"; };
		BF4A1C2E2DEC81170066ADD9 /* ReferencePropertyDetailViewModel.swift */ = {isa = PBXFileReference; lastKnownFileType = sourcecode.swift; path = ReferencePropertyDetailViewModel.swift; sourceTree = "<group>"; };
		BF4A1C302DEC81280066ADD9 /* ReferenceProperty.swift */ = {isa = PBXFileReference; lastKnownFileType = sourcecode.swift; path = ReferenceProperty.swift; sourceTree = "<group>"; };
		BF4A1C322DEC879C0066ADD9 /* ConnectionsViewModel.swift */ = {isa = PBXFileReference; lastKnownFileType = sourcecode.swift; path = ConnectionsViewModel.swift; sourceTree = "<group>"; };
		BF4A1C342DEC94D50066ADD9 /* TransfersView.swift */ = {isa = PBXFileReference; lastKnownFileType = sourcecode.swift; path = TransfersView.swift; sourceTree = "<group>"; };
		BF4A1C362DEC950D0066ADD9 /* TransferService.swift */ = {isa = PBXFileReference; lastKnownFileType = sourcecode.swift; path = TransferService.swift; sourceTree = "<group>"; };
		BF4A1C382DEC98480066ADD9 /* LoadingView.swift */ = {isa = PBXFileReference; lastKnownFileType = sourcecode.swift; path = LoadingView.swift; sourceTree = "<group>"; };
		BF8172302DEA96A10086B2DD /* SettingsView.swift */ = {isa = PBXFileReference; lastKnownFileType = sourcecode.swift; path = SettingsView.swift; sourceTree = "<group>"; };
		BFA128022DEA165E00C12800 /* RegisterView.swift */ = {isa = PBXFileReference; lastKnownFileType = sourcecode.swift; path = RegisterView.swift; sourceTree = "<group>"; };
		BFA128042DEA1E3300C12800 /* Assets.xcassets */ = {isa = PBXFileReference; lastKnownFileType = folder.assetcatalog; path = Assets.xcassets; sourceTree = "<group>"; };
		BFA128082DEA22E700C12800 /* LaunchScreen.storyboard */ = {isa = PBXFileReference; lastKnownFileType = file.storyboard; name = LaunchScreen.storyboard; path = HandReceipt/LaunchScreen.storyboard; sourceTree = "<group>"; };
		BFA1280A2DEA2DCD00C12800 /* DashboardView.swift */ = {isa = PBXFileReference; lastKnownFileType = sourcecode.swift; path = DashboardView.swift; sourceTree = "<group>"; };
		BFA1280C2DEA2F4300C12800 /* MaintenanceView.swift */ = {isa = PBXFileReference; lastKnownFileType = sourcecode.swift; path = MaintenanceView.swift; sourceTree = "<group>"; };
		BFA1280E2DEA2F4300C12800 /* SensitiveItemsView.swift */ = {isa = PBXFileReference; lastKnownFileType = sourcecode.swift; path = SensitiveItemsView.swift; sourceTree = "<group>"; };
		BFA128122DEA3D3200C12800 /* AuthManager.swift */ = {isa = PBXFileReference; lastKnownFileType = sourcecode.swift; path = AuthManager.swift; sourceTree = "<group>"; };
		BFC223C92DAABB1800ACF884 /* HandReceiptApp.swift */ = {isa = PBXFileReference; lastKnownFileType = sourcecode.swift; name = HandReceiptApp.swift; path = HandReceipt/HandReceiptApp.swift; sourceTree = "<group>"; };
		BFC223CB2DAB3E1F00ACF884 /* AppColors.swift */ = {isa = PBXFileReference; lastKnownFileType = sourcecode.swift; path = AppColors.swift; sourceTree = "<group>"; };
		BFC223CC2DAB3E1F00ACF884 /* AppStyles.swift */ = {isa = PBXFileReference; lastKnownFileType = sourcecode.swift; path = AppStyles.swift; sourceTree = "<group>"; };
		BFC223CD2DAB3E1F00ACF884 /* CommonImports.swift */ = {isa = PBXFileReference; lastKnownFileType = sourcecode.swift; path = CommonImports.swift; sourceTree = "<group>"; };
		C52EB4A99772C5B2A7DDA9EF /* MyPropertiesViewModel.swift */ = {isa = PBXFileReference; lastKnownFileType = sourcecode.swift; path = MyPropertiesViewModel.swift; sourceTree = "<group>"; };
		CDEC488299CE976110299615 /* LoginView.swift */ = {isa = PBXFileReference; lastKnownFileType = sourcecode.swift; path = LoginView.swift; sourceTree = "<group>"; };
		D5ACDDBD58550DB16AF3B5B4 /* Info.plist */ = {isa = PBXFileReference; lastKnownFileType = text.plist; path = Info.plist; sourceTree = "<group>"; };
		E802C4C49927B352FE30895E /* PropertyDetailViewModel.swift */ = {isa = PBXFileReference; lastKnownFileType = sourcecode.swift; path = PropertyDetailViewModel.swift; sourceTree = "<group>"; };
		F55EC89BB544AC260B225D8B /* ReferenceDBViewModel.swift */ = {isa = PBXFileReference; lastKnownFileType = sourcecode.swift; path = ReferenceDBViewModel.swift; sourceTree = "<group>"; };
		FE7F100BCA494CB1B40A0EA9 /* AuthViewModel.swift */ = {isa = PBXFileReference; lastKnownFileType = sourcecode.swift; path = AuthViewModel.swift; sourceTree = "<group>"; };
/* End PBXFileReference section */

/* Begin PBXFrameworksBuildPhase section */
		BFA128182DEA435000C12800 /* Frameworks */ = {
			isa = PBXFrameworksBuildPhase;
			buildActionMask = 2147483647;
			files = (
				BFA1281B2DEA435900C12800 /* KeychainSwift in Frameworks */,
			);
			runOnlyForDeploymentPostprocessing = 0;
		};
/* End PBXFrameworksBuildPhase section */

/* Begin PBXGroup section */
		09A6D80FC831C5B5CC6707D9 /* ViewModels */ = {
			isa = PBXGroup;
			children = (
				BF4A1C322DEC879C0066ADD9 /* ConnectionsViewModel.swift */,
				BF4A1C2E2DEC81170066ADD9 /* ReferencePropertyDetailViewModel.swift */,
				FE7F100BCA494CB1B40A0EA9 /* AuthViewModel.swift */,
				A8224D43097503B39DABB717 /* LoginViewModel.swift */,
				A53F7BF0039FD86CCADAE664 /* ManualSNViewModel.swift */,
				C52EB4A99772C5B2A7DDA9EF /* MyPropertiesViewModel.swift */,
				E802C4C49927B352FE30895E /* PropertyDetailViewModel.swift */,
				F55EC89BB544AC260B225D8B /* ReferenceDBViewModel.swift */,
				1BFCA76AFBC288D30DF9958F /* ScanViewModel.swift */,
				80310CAEECA0B61592334244 /* TransfersViewModel.swift */,
				BBE530B592D095523725035D /* UserSelectionViewModel.swift */,
			);
			path = ViewModels;
			sourceTree = "<group>";
		};
		33080A0085219D77C59F202D /* Models */ = {
			isa = PBXGroup;
			children = (
				BF4A1C302DEC81280066ADD9 /* ReferenceProperty.swift */,
				BF2685572DEB497C00BFB170 /* UserConnection.swift */,
				434D1A44E761BE2F69B0CCF0 /* AuthModels.swift */,
				179F5783D238DB11F5EA7A8F /* Models.swift */,
				4051F5A67B8C0D943FCF1495 /* Property.swift */,
			);
			path = Models;
			sourceTree = "<group>";
		};
		9AD52AE44496465F5F0F3B16 /* Services */ = {
			isa = PBXGroup;
			children = (
				BF4A1C362DEC950D0066ADD9 /* TransferService.swift */,
				BFA128122DEA3D3200C12800 /* AuthManager.swift */,
				BF2DF43A2DE929D700E450D6 /* CoreDataStack.swift */,
				BF2DF43B2DE929D700E450D6 /* OfflineSyncService.swift */,
				B32078152333561CB10233BA /* APIService.swift */,
			);
			path = Services;
			sourceTree = "<group>";
		};
		BFA128192DEA435900C12800 /* Frameworks */ = {
			isa = PBXGroup;
			children = (
			);
			name = Frameworks;
			sourceTree = "<group>";
		};
		BFC223CE2DAB3E1F00ACF884 /* Common */ = {
			isa = PBXGroup;
			children = (
				BF2DF4382DE929C800E450D6 /* IndustrialComponents.swift */,
				BFC223CB2DAB3E1F00ACF884 /* AppColors.swift */,
				BFC223CC2DAB3E1F00ACF884 /* AppStyles.swift */,
				BFC223CD2DAB3E1F00ACF884 /* CommonImports.swift */,
			);
			path = Common;
			sourceTree = "<group>";
		};
		D7EC13D32EB8262CFB36F9BF = {
			isa = PBXGroup;
			children = (
				BFA128082DEA22E700C12800 /* LaunchScreen.storyboard */,
				BFC223C92DAABB1800ACF884 /* HandReceiptApp.swift */,
				FDCDCC68F23010E36445F051 /* HandReceipt */,
				F6880E8AF15CFD4D9E0CB031 /* Products */,
				BFA128192DEA435900C12800 /* Frameworks */,
			);
			sourceTree = "<group>";
		};
		EB1E1FAD2E9EFEB08A590505 /* Views */ = {
			isa = PBXGroup;
			children = (
				BF4A1C382DEC98480066ADD9 /* LoadingView.swift */,
				BF4A1C342DEC94D50066ADD9 /* TransfersView.swift */,
				BF4A1C2C2DEC81040066ADD9 /* ReferencePropertyDetailView.swift */,
				BF2685532DEB41A500BFB170 /* OfferPropertyView.swift */,
				BF2685542DEB41A500BFB170 /* SerialNumberRequestView.swift */,
				BF26854F2DEB3BE700BFB170 /* ConnectionsView.swift */,
				BF2685502DEB3BE700BFB170 /* RequestTransferView.swift */,
				BF8172302DEA96A10086B2DD /* SettingsView.swift */,
				BFA1280C2DEA2F4300C12800 /* MaintenanceView.swift */,
				BFA1280E2DEA2F4300C12800 /* SensitiveItemsView.swift */,
				BFA1280A2DEA2DCD00C12800 /* DashboardView.swift */,
				BFA128022DEA165E00C12800 /* RegisterView.swift */,
				BF2DF43E2DE929E700E450D6 /* CreatePropertyView.swift */,
				BF2DF43F2DE929E700E450D6 /* NSNSearchView.swift */,
				8322A1CD58E045E33629F8B1 /* AuthenticatedTabView.swift */,
				CDEC488299CE976110299615 /* LoginView.swift */,
				8182874E0188120E70082C86 /* ManualSNEntryView.swift */,
				5C8E23BCE585953FE3D50B06 /* MyPropertiesView.swift */,
				097C24F1EA75B2E56BCBCC08 /* PropertyDetailView.swift */,
				7B2CFBE73F56575D96AF2C22 /* ReferenceDatabaseBrowserView.swift */,
				B28E9A92DD3453473BE10961 /* UserSelectionView.swift */,
			);
			path = Views;
			sourceTree = "<group>";
		};
		F6880E8AF15CFD4D9E0CB031 /* Products */ = {
			isa = PBXGroup;
			children = (
				AF23091E8CECB56658FF4CE8 /* HandReceipt.app */,
			);
			name = Products;
			sourceTree = "<group>";
		};
		FDCDCC68F23010E36445F051 /* HandReceipt */ = {
			isa = PBXGroup;
			children = (
				BFA128042DEA1E3300C12800 /* Assets.xcassets */,
				BF2DF4442DE92A0600E450D6 /* HandReceipt.xcdatamodeld */,
				8AEE26AF958DBCB601C895CD /* ContentView.swift */,
				D5ACDDBD58550DB16AF3B5B4 /* Info.plist */,
				BFC223CE2DAB3E1F00ACF884 /* Common */,
				33080A0085219D77C59F202D /* Models */,
				9AD52AE44496465F5F0F3B16 /* Services */,
				09A6D80FC831C5B5CC6707D9 /* ViewModels */,
				EB1E1FAD2E9EFEB08A590505 /* Views */,
			);
			path = HandReceipt;
			sourceTree = "<group>";
		};
/* End PBXGroup section */

/* Begin PBXNativeTarget section */
		F042FBE543B34FCC4DCA6423 /* HandReceipt */ = {
			isa = PBXNativeTarget;
			buildConfigurationList = 9BF2325F71698416116D93E8 /* Build configuration list for PBXNativeTarget "HandReceipt" */;
			buildPhases = (
				BFA128062DEA20FB00C12800 /* Resources */,
				1EA78C9056E6ED307C5A9903 /* Sources */,
				BFA128182DEA435000C12800 /* Frameworks */,
			);
			buildRules = (
			);
			dependencies = (
			);
			name = HandReceipt;
			productName = HandReceipt;
			productReference = AF23091E8CECB56658FF4CE8 /* HandReceipt.app */;
			productType = "com.apple.product-type.application";
		};
/* End PBXNativeTarget section */

/* Begin PBXProject section */
		9C222FDD40496D3BD89B10F0 /* Project object */ = {
			isa = PBXProject;
			attributes = {
				BuildIndependentTargetsInParallel = YES;
				LastUpgradeCheck = 1630;
			};
			buildConfigurationList = DE5B5D869958C8B9209D370D /* Build configuration list for PBXProject "HandReceipt" */;
			compatibilityVersion = "Xcode 14.0";
			developmentRegion = en;
			hasScannedForEncodings = 0;
			knownRegions = (
				Base,
				en,
			);
			mainGroup = D7EC13D32EB8262CFB36F9BF;
			packageReferences = (
				BFA128162DEA407300C12800 /* XCRemoteSwiftPackageReference "keychain-swift" */,
			);
			projectDirPath = "";
			projectRoot = "";
			targets = (
				F042FBE543B34FCC4DCA6423 /* HandReceipt */,
			);
		};
/* End PBXProject section */

/* Begin PBXResourcesBuildPhase section */
		BFA128062DEA20FB00C12800 /* Resources */ = {
			isa = PBXResourcesBuildPhase;
			buildActionMask = 2147483647;
			files = (
				BFA128092DEA22E700C12800 /* LaunchScreen.storyboard in Resources */,
				BFA128072DEA210F00C12800 /* Assets.xcassets in Resources */,
			);
			runOnlyForDeploymentPostprocessing = 0;
		};
/* End PBXResourcesBuildPhase section */

/* Begin PBXSourcesBuildPhase section */
		1EA78C9056E6ED307C5A9903 /* Sources */ = {
			isa = PBXSourcesBuildPhase;
			buildActionMask = 2147483647;
			files = (
				BFC223CA2DAABB1800ACF884 /* HandReceiptApp.swift in Sources */,
				BF4A1C352DEC94D50066ADD9 /* TransfersView.swift in Sources */,
				BF8172312DEA96A10086B2DD /* SettingsView.swift in Sources */,
				F42AD7F3D920075A1FAC101E /* APIService.swift in Sources */,
				26AA81A70A773FCEDA22BF5E /* AuthModels.swift in Sources */,
				0DA6EB357E621AF6A54CF8F5 /* AuthViewModel.swift in Sources */,
				BF4A1C372DEC950D0066ADD9 /* TransferService.swift in Sources */,
				D05A7634F0941E129237A9DB /* AuthenticatedTabView.swift in Sources */,
				902492E2AE615BA4C6ACC792 /* ContentView.swift in Sources */,
				BF4A1C2D2DEC81040066ADD9 /* ReferencePropertyDetailView.swift in Sources */,
				FE49F4C972C3577086DB327C /* LoginView.swift in Sources */,
				BF2685512DEB3BE700BFB170 /* ConnectionsView.swift in Sources */,
				BF4A1C392DEC98480066ADD9 /* LoadingView.swift in Sources */,
				BF2685582DEB497C00BFB170 /* UserConnection.swift in Sources */,
				BF2685522DEB3BE700BFB170 /* RequestTransferView.swift in Sources */,
				3B5F067C856CA39C6502F916 /* LoginViewModel.swift in Sources */,
				58674DC812CCD6A39DD7DF4F /* ManualSNEntryView.swift in Sources */,
				BF4A1C2F2DEC81170066ADD9 /* ReferencePropertyDetailViewModel.swift in Sources */,
				49D619D92A060D750592E785 /* ManualSNViewModel.swift in Sources */,
				586DE93C3BC5E7C648DCAAA9 /* Models.swift in Sources */,
				1BFC98364CE8F60E5B9A4E34 /* MyPropertiesView.swift in Sources */,
				E72C88303B7CA9353FCA5BC1 /* MyPropertiesViewModel.swift in Sources */,
				C526252D6D118A5CBCF1BF28 /* Property.swift in Sources */,
				BFA128032DEA165E00C12800 /* RegisterView.swift in Sources */,
				746506184194C32049616F45 /* PropertyDetailView.swift in Sources */,
				BFA1280B2DEA2DCD00C12800 /* DashboardView.swift in Sources */,
				649E4FB8CB9A2BAAA06A65F8 /* PropertyDetailViewModel.swift in Sources */,
				FFA463230EB2A719A3E334F9 /* ReferenceDBViewModel.swift in Sources */,
				6647A7F294F0B05BBAA6BCD7 /* ReferenceDatabaseBrowserView.swift in Sources */,
				BF2DF4422DE929E700E450D6 /* CreatePropertyView.swift in Sources */,
				BFA1280F2DEA2F4300C12800 /* MaintenanceView.swift in Sources */,
				BFA128102DEA2F4300C12800 /* SensitiveItemsView.swift in Sources */,
				BF2DF4432DE929E700E450D6 /* NSNSearchView.swift in Sources */,
				BFC223CF2DAB3E1F00ACF884 /* AppColors.swift in Sources */,
				BFC223D02DAB3E1F00ACF884 /* AppStyles.swift in Sources */,
				BF2DF43C2DE929D700E450D6 /* CoreDataStack.swift in Sources */,
				BF2DF43D2DE929D700E450D6 /* OfflineSyncService.swift in Sources */,
				BFC223D12DAB3E1F00ACF884 /* CommonImports.swift in Sources */,
				BFA128142DEA3D3200C12800 /* AuthManager.swift in Sources */,
				BF4A1C332DEC879C0066ADD9 /* ConnectionsViewModel.swift in Sources */,
				BF2DF4392DE929C800E450D6 /* IndustrialComponents.swift in Sources */,
				BF2685552DEB41A500BFB170 /* SerialNumberRequestView.swift in Sources */,
				BF2685562DEB41A500BFB170 /* OfferPropertyView.swift in Sources */,
				D8EA460483AC0CF32381B58C /* ScanViewModel.swift in Sources */,
				BF2DF4462DE92A0600E450D6 /* HandReceipt.xcdatamodeld in Sources */,
				BF4A1C312DEC81280066ADD9 /* ReferenceProperty.swift in Sources */,
				6EC03ABD395528E42D8AC7D1 /* TransfersViewModel.swift in Sources */,
				DE3312936DE375DAEC9A4552 /* UserSelectionView.swift in Sources */,
				9CAA7907B48AF7D46F77FB02 /* UserSelectionViewModel.swift in Sources */,
			);
			runOnlyForDeploymentPostprocessing = 0;
		};
/* End PBXSourcesBuildPhase section */

/* Begin XCBuildConfiguration section */
		44AA878EF1B7F734395F2935 /* Debug */ = {
			isa = XCBuildConfiguration;
			buildSettings = {
				ALWAYS_SEARCH_USER_PATHS = NO;
				CLANG_ANALYZER_NONNULL = YES;
				CLANG_ANALYZER_NUMBER_OBJECT_CONVERSION = YES_AGGRESSIVE;
				CLANG_CXX_LANGUAGE_STANDARD = "gnu++14";
				CLANG_CXX_LIBRARY = "libc++";
				CLANG_ENABLE_MODULES = YES;
				CLANG_ENABLE_OBJC_ARC = YES;
				CLANG_ENABLE_OBJC_WEAK = YES;
				CLANG_WARN_BLOCK_CAPTURE_AUTORELEASING = YES;
				CLANG_WARN_BOOL_CONVERSION = YES;
				CLANG_WARN_COMMA = YES;
				CLANG_WARN_CONSTANT_CONVERSION = YES;
				CLANG_WARN_DEPRECATED_OBJC_IMPLEMENTATIONS = YES;
				CLANG_WARN_DIRECT_OBJC_ISA_USAGE = YES_ERROR;
				CLANG_WARN_DOCUMENTATION_COMMENTS = YES;
				CLANG_WARN_EMPTY_BODY = YES;
				CLANG_WARN_ENUM_CONVERSION = YES;
				CLANG_WARN_INFINITE_RECURSION = YES;
				CLANG_WARN_INT_CONVERSION = YES;
				CLANG_WARN_NON_LITERAL_NULL_CONVERSION = YES;
				CLANG_WARN_OBJC_IMPLICIT_RETAIN_SELF = YES;
				CLANG_WARN_OBJC_LITERAL_CONVERSION = YES;
				CLANG_WARN_OBJC_ROOT_CLASS = YES_ERROR;
				CLANG_WARN_QUOTED_INCLUDE_IN_FRAMEWORK_HEADER = YES;
				CLANG_WARN_RANGE_LOOP_ANALYSIS = YES;
				CLANG_WARN_STRICT_PROTOTYPES = YES;
				CLANG_WARN_SUSPICIOUS_MOVE = YES;
				CLANG_WARN_UNGUARDED_AVAILABILITY = YES_AGGRESSIVE;
				CLANG_WARN_UNREACHABLE_CODE = YES;
				CLANG_WARN__DUPLICATE_METHOD_MATCH = YES;
				COPY_PHASE_STRIP = NO;
				DEBUG_INFORMATION_FORMAT = dwarf;
				DEVELOPMENT_TEAM = 6DKP9BK9LF;
				ENABLE_STRICT_OBJC_MSGSEND = YES;
				ENABLE_TESTABILITY = YES;
				ENABLE_USER_SCRIPT_SANDBOXING = YES;
				GCC_C_LANGUAGE_STANDARD = gnu11;
				GCC_DYNAMIC_NO_PIC = NO;
				GCC_NO_COMMON_BLOCKS = YES;
				GCC_OPTIMIZATION_LEVEL = 0;
				GCC_PREPROCESSOR_DEFINITIONS = (
					"$(inherited)",
					"DEBUG=1",
				);
				GCC_WARN_64_TO_32_BIT_CONVERSION = YES;
				GCC_WARN_ABOUT_RETURN_TYPE = YES_ERROR;
				GCC_WARN_UNDECLARED_SELECTOR = YES;
				GCC_WARN_UNINITIALIZED_AUTOS = YES_AGGRESSIVE;
				GCC_WARN_UNUSED_FUNCTION = YES;
				GCC_WARN_UNUSED_VARIABLE = YES;
				IPHONEOS_DEPLOYMENT_TARGET = 15.0;
				MTL_ENABLE_DEBUG_INFO = INCLUDE_SOURCE;
				MTL_FAST_MATH = YES;
				ONLY_ACTIVE_ARCH = YES;
				PRODUCT_NAME = "$(TARGET_NAME)";
				SDKROOT = iphoneos;
				SWIFT_ACTIVE_COMPILATION_CONDITIONS = DEBUG;
				SWIFT_OPTIMIZATION_LEVEL = "-Onone";
				SWIFT_VERSION = 5.0;
			};
			name = Debug;
		};
		714E20F9CFD465E953B00684 /* Debug */ = {
			isa = XCBuildConfiguration;
			buildSettings = {
				ASSETCATALOG_COMPILER_APPICON_NAME = AppIcon;
				CODE_SIGN_IDENTITY = "iPhone Developer";
				INFOPLIST_FILE = HandReceipt/Info.plist;
				LD_RUNPATH_SEARCH_PATHS = (
					"$(inherited)",
					"@executable_path/Frameworks",
				);
				PRODUCT_BUNDLE_IDENTIFIER = com.handreceipt.HandReceipt;
				SDKROOT = iphoneos;
				TARGETED_DEVICE_FAMILY = "1,2";
			};
			name = Debug;
		};
		7293B35FC88369A7022FF1D1 /* Release */ = {
			isa = XCBuildConfiguration;
			buildSettings = {
				ALWAYS_SEARCH_USER_PATHS = NO;
				CLANG_ANALYZER_NONNULL = YES;
				CLANG_ANALYZER_NUMBER_OBJECT_CONVERSION = YES_AGGRESSIVE;
				CLANG_CXX_LANGUAGE_STANDARD = "gnu++14";
				CLANG_CXX_LIBRARY = "libc++";
				CLANG_ENABLE_MODULES = YES;
				CLANG_ENABLE_OBJC_ARC = YES;
				CLANG_ENABLE_OBJC_WEAK = YES;
				CLANG_WARN_BLOCK_CAPTURE_AUTORELEASING = YES;
				CLANG_WARN_BOOL_CONVERSION = YES;
				CLANG_WARN_COMMA = YES;
				CLANG_WARN_CONSTANT_CONVERSION = YES;
				CLANG_WARN_DEPRECATED_OBJC_IMPLEMENTATIONS = YES;
				CLANG_WARN_DIRECT_OBJC_ISA_USAGE = YES_ERROR;
				CLANG_WARN_DOCUMENTATION_COMMENTS = YES;
				CLANG_WARN_EMPTY_BODY = YES;
				CLANG_WARN_ENUM_CONVERSION = YES;
				CLANG_WARN_INFINITE_RECURSION = YES;
				CLANG_WARN_INT_CONVERSION = YES;
				CLANG_WARN_NON_LITERAL_NULL_CONVERSION = YES;
				CLANG_WARN_OBJC_IMPLICIT_RETAIN_SELF = YES;
				CLANG_WARN_OBJC_LITERAL_CONVERSION = YES;
				CLANG_WARN_OBJC_ROOT_CLASS = YES_ERROR;
				CLANG_WARN_QUOTED_INCLUDE_IN_FRAMEWORK_HEADER = YES;
				CLANG_WARN_RANGE_LOOP_ANALYSIS = YES;
				CLANG_WARN_STRICT_PROTOTYPES = YES;
				CLANG_WARN_SUSPICIOUS_MOVE = YES;
				CLANG_WARN_UNGUARDED_AVAILABILITY = YES_AGGRESSIVE;
				CLANG_WARN_UNREACHABLE_CODE = YES;
				CLANG_WARN__DUPLICATE_METHOD_MATCH = YES;
				COPY_PHASE_STRIP = NO;
				DEBUG_INFORMATION_FORMAT = "dwarf-with-dsym";
				DEVELOPMENT_TEAM = 6DKP9BK9LF;
				ENABLE_NS_ASSERTIONS = NO;
				ENABLE_STRICT_OBJC_MSGSEND = YES;
				ENABLE_USER_SCRIPT_SANDBOXING = YES;
				GCC_C_LANGUAGE_STANDARD = gnu11;
				GCC_NO_COMMON_BLOCKS = YES;
				GCC_WARN_64_TO_32_BIT_CONVERSION = YES;
				GCC_WARN_ABOUT_RETURN_TYPE = YES_ERROR;
				GCC_WARN_UNDECLARED_SELECTOR = YES;
				GCC_WARN_UNINITIALIZED_AUTOS = YES_AGGRESSIVE;
				GCC_WARN_UNUSED_FUNCTION = YES;
				GCC_WARN_UNUSED_VARIABLE = YES;
				IPHONEOS_DEPLOYMENT_TARGET = 15.0;
				MTL_ENABLE_DEBUG_INFO = NO;
				MTL_FAST_MATH = YES;
				PRODUCT_NAME = "$(TARGET_NAME)";
				SDKROOT = iphoneos;
				SWIFT_COMPILATION_MODE = wholemodule;
				SWIFT_OPTIMIZATION_LEVEL = "-O";
				SWIFT_VERSION = 5.0;
			};
			name = Release;
		};
		B84739914912F698D56581D4 /* Release */ = {
			isa = XCBuildConfiguration;
			buildSettings = {
				ASSETCATALOG_COMPILER_APPICON_NAME = AppIcon;
				CODE_SIGN_IDENTITY = "iPhone Developer";
				INFOPLIST_FILE = HandReceipt/Info.plist;
				LD_RUNPATH_SEARCH_PATHS = (
					"$(inherited)",
					"@executable_path/Frameworks",
				);
				PRODUCT_BUNDLE_IDENTIFIER = com.handreceipt.HandReceipt;
				SDKROOT = iphoneos;
				TARGETED_DEVICE_FAMILY = "1,2";
			};
			name = Release;
		};
/* End XCBuildConfiguration section */

/* Begin XCConfigurationList section */
		9BF2325F71698416116D93E8 /* Build configuration list for PBXNativeTarget "HandReceipt" */ = {
			isa = XCConfigurationList;
			buildConfigurations = (
				714E20F9CFD465E953B00684 /* Debug */,
				B84739914912F698D56581D4 /* Release */,
			);
			defaultConfigurationIsVisible = 0;
			defaultConfigurationName = Debug;
		};
		DE5B5D869958C8B9209D370D /* Build configuration list for PBXProject "HandReceipt" */ = {
			isa = XCConfigurationList;
			buildConfigurations = (
				44AA878EF1B7F734395F2935 /* Debug */,
				7293B35FC88369A7022FF1D1 /* Release */,
			);
			defaultConfigurationIsVisible = 0;
			defaultConfigurationName = Debug;
		};
/* End XCConfigurationList section */

/* Begin XCRemoteSwiftPackageReference section */
		BFA128162DEA407300C12800 /* XCRemoteSwiftPackageReference "keychain-swift" */ = {
			isa = XCRemoteSwiftPackageReference;
			repositoryURL = "https://github.com/evgenyneu/keychain-swift";
			requirement = {
				kind = upToNextMajorVersion;
				minimumVersion = 24.0.0;
			};
		};
/* End XCRemoteSwiftPackageReference section */

/* Begin XCSwiftPackageProductDependency section */
		BFA1281A2DEA435900C12800 /* KeychainSwift */ = {
			isa = XCSwiftPackageProductDependency;
			package = BFA128162DEA407300C12800 /* XCRemoteSwiftPackageReference "keychain-swift" */;
			productName = KeychainSwift;
		};
/* End XCSwiftPackageProductDependency section */

/* Begin XCVersionGroup section */
		BF2DF4442DE92A0600E450D6 /* HandReceipt.xcdatamodeld */ = {
			isa = XCVersionGroup;
			children = (
				BF2DF4452DE92A0600E450D6 /* HandReceipt.xcdatamodel */,
			);
			currentVersion = BF2DF4452DE92A0600E450D6 /* HandReceipt.xcdatamodel */;
			path = HandReceipt.xcdatamodeld;
			sourceTree = "<group>";
			versionGroupType = wrapper.xcdatamodel;
		};
/* End XCVersionGroup section */
	};
	rootObject = 9C222FDD40496D3BD89B10F0 /* Project object */;
}
